// !$*UTF8*$!
{
	archiveVersion = 1;
	classes = {
	};
	objectVersion = 46;
	objects = {

/* Begin PBXBuildFile section */
		17E5A610146017E9004B1CA6 /* UIKit.framework in Frameworks */ = {isa = PBXBuildFile; fileRef = 17E5A60F146017E9004B1CA6 /* UIKit.framework */; };
		17E5A612146017E9004B1CA6 /* Foundation.framework in Frameworks */ = {isa = PBXBuildFile; fileRef = 17E5A611146017E9004B1CA6 /* Foundation.framework */; };
		17E5A614146017E9004B1CA6 /* CoreGraphics.framework in Frameworks */ = {isa = PBXBuildFile; fileRef = 17E5A613146017E9004B1CA6 /* CoreGraphics.framework */; };
		17E5A61A146017E9004B1CA6 /* InfoPlist.strings in Resources */ = {isa = PBXBuildFile; fileRef = 17E5A618146017E9004B1CA6 /* InfoPlist.strings */; };
		17E5A61C146017E9004B1CA6 /* main.m in Sources */ = {isa = PBXBuildFile; fileRef = 17E5A61B146017E9004B1CA6 /* main.m */; };
		17E5A620146017E9004B1CA6 /* AppDelegate.mm in Sources */ = {isa = PBXBuildFile; fileRef = 17E5A61F146017E9004B1CA6 /* AppDelegate.mm */; };
		17E5A623146017E9004B1CA6 /* ViewController.mm in Sources */ = {isa = PBXBuildFile; fileRef = 17E5A622146017E9004B1CA6 /* ViewController.mm */; };
		17E5A626146017E9004B1CA6 /* ViewController.xib in Resources */ = {isa = PBXBuildFile; fileRef = 17E5A624146017E9004B1CA6 /* ViewController.xib */; };
		17E5A62F14601860004B1CA6 /* MBProgressHUD.m in Sources */ = {isa = PBXBuildFile; fileRef = 17E5A62E14601860004B1CA6 /* MBProgressHUD.m */; };
		17E5A66914601A1C004B1CA6 /* liblept.a in Frameworks */ = {isa = PBXBuildFile; fileRef = 17E5A65714601A1C004B1CA6 /* liblept.a */; };
		17E5A66B14601A1C004B1CA6 /* libtesseract_all.a in Frameworks */ = {isa = PBXBuildFile; fileRef = 17E5A65914601A1C004B1CA6 /* libtesseract_all.a */; };
		17E5A69014601E0F004B1CA6 /* Lorem_Ipsum_Univers.png in Resources */ = {isa = PBXBuildFile; fileRef = 17E5A68E14601E0F004B1CA6 /* Lorem_Ipsum_Univers.png */; };
		17E5A69114601E0F004B1CA6 /* tessdata in Resources */ = {isa = PBXBuildFile; fileRef = 17E5A68F14601E0F004B1CA6 /* tessdata */; };
		D69C79FC1739929B00633B81 /* UIViewController+KNSemiModal.m in Sources */ = {isa = PBXBuildFile; fileRef = D69C79FB1739929B00633B81 /* UIViewController+KNSemiModal.m */; };
		D69C7A01173992B900633B81 /* KNFirstViewController.m in Sources */ = {isa = PBXBuildFile; fileRef = D69C79FF173992B900633B81 /* KNFirstViewController.m */; };
		D69C7A02173992B900633B81 /* KNFirstViewController.xib in Resources */ = {isa = PBXBuildFile; fileRef = D69C7A00173992B900633B81 /* KNFirstViewController.xib */; };
		D69C7A09173992C500633B81 /* KNSecondViewController.mm in Sources */ = {isa = PBXBuildFile; fileRef = D69C7A04173992C500633B81 /* KNSecondViewController.mm */; };
		D69C7A0A173992C500633B81 /* KNSecondViewController.xib in Resources */ = {isa = PBXBuildFile; fileRef = D69C7A05173992C500633B81 /* KNSecondViewController.xib */; };
		D69C7A0B173992C500633B81 /* KNThirdViewController.m in Sources */ = {isa = PBXBuildFile; fileRef = D69C7A07173992C500633B81 /* KNThirdViewController.m */; };
		D69C7A0C173992C500633B81 /* KNThirdViewController.xib in Resources */ = {isa = PBXBuildFile; fileRef = D69C7A08173992C500633B81 /* KNThirdViewController.xib */; };
		D69C7A11173992D200633B81 /* KNTableDemoController.m in Sources */ = {isa = PBXBuildFile; fileRef = D69C7A0E173992D200633B81 /* KNTableDemoController.m */; };
		D69C7A12173992D200633B81 /* KNModalTableViewController.m in Sources */ = {isa = PBXBuildFile; fileRef = D69C7A10173992D200633B81 /* KNModalTableViewController.m */; };
		D69C7A141739939B00633B81 /* QuartzCore.framework in Frameworks */ = {isa = PBXBuildFile; fileRef = D69C7A131739939B00633B81 /* QuartzCore.framework */; };
		D69C7A1C173993FE00633B81 /* first.png in Resources */ = {isa = PBXBuildFile; fileRef = D69C7A15173993FE00633B81 /* first.png */; };
		D69C7A1D173993FE00633B81 /* first@2x.png in Resources */ = {isa = PBXBuildFile; fileRef = D69C7A16173993FE00633B81 /* first@2x.png */; };
		D69C7A1E173993FE00633B81 /* Icon.png in Resources */ = {isa = PBXBuildFile; fileRef = D69C7A17173993FE00633B81 /* Icon.png */; };
		D69C7A1F173993FE00633B81 /* Icon@2x.png in Resources */ = {isa = PBXBuildFile; fileRef = D69C7A18173993FE00633B81 /* Icon@2x.png */; };
		D69C7A20173993FE00633B81 /* second.png in Resources */ = {isa = PBXBuildFile; fileRef = D69C7A19173993FE00633B81 /* second.png */; };
		D69C7A21173993FE00633B81 /* second@2x.png in Resources */ = {isa = PBXBuildFile; fileRef = D69C7A1A173993FE00633B81 /* second@2x.png */; };
		D69C7A22173993FE00633B81 /* temp.jpg in Resources */ = {isa = PBXBuildFile; fileRef = D69C7A1B173993FE00633B81 /* temp.jpg */; };
		D69C7A28173994BE00633B81 /* DirectoryWatcher.m in Sources */ = {isa = PBXBuildFile; fileRef = D69C7A24173994BD00633B81 /* DirectoryWatcher.m */; };
		D69C7A29173994BE00633B81 /* DITableViewController.m in Sources */ = {isa = PBXBuildFile; fileRef = D69C7A26173994BE00633B81 /* DITableViewController.m */; };
		D69C7A2A173994BE00633B81 /* DITableViewController.xib in Resources */ = {isa = PBXBuildFile; fileRef = D69C7A27173994BE00633B81 /* DITableViewController.xib */; };
		D69C7A2C1739968D00633B81 /* QuickLook.framework in Frameworks */ = {isa = PBXBuildFile; fileRef = D69C7A2B1739968C00633B81 /* QuickLook.framework */; };
		D69C7A2F1739A29200633B81 /* OverlayViewController.m in Sources */ = {isa = PBXBuildFile; fileRef = D69C7A2E1739A29200633B81 /* OverlayViewController.m */; };
		D69C7A311739A3D900633B81 /* AudioToolbox.framework in Frameworks */ = {isa = PBXBuildFile; fileRef = D69C7A301739A3D900633B81 /* AudioToolbox.framework */; };
		D69C7A331739C4F600633B81 /* tick.aiff in Resources */ = {isa = PBXBuildFile; fileRef = D69C7A321739C4F600633B81 /* tick.aiff */; };
		D69C7A351739C50B00633B81 /* OverlayViewController.xib in Resources */ = {isa = PBXBuildFile; fileRef = D69C7A341739C50B00633B81 /* OverlayViewController.xib */; };
		D69C7A381739DCE600633B81 /* ImageCropView.m in Sources */ = {isa = PBXBuildFile; fileRef = D69C7A371739DCE600633B81 /* ImageCropView.m */; };
		D69C7A56173B306800633B81 /* MessageUI.framework in Frameworks */ = {isa = PBXBuildFile; fileRef = D69C7A55173B306800633B81 /* MessageUI.framework */; };
		D69C7A59173B3E8900633B81 /* TextViewController.m in Sources */ = {isa = PBXBuildFile; fileRef = D69C7A58173B3E8800633B81 /* TextViewController.m */; };
		D69C7A5B173B3F0F00633B81 /* TextViewController.xib in Resources */ = {isa = PBXBuildFile; fileRef = D69C7A5A173B3F0F00633B81 /* TextViewController.xib */; };
		D6CE8CD11736A59D00B72609 /* back.JPG in Resources */ = {isa = PBXBuildFile; fileRef = D6CE8CCF1736A59D00B72609 /* back.JPG */; };
		D6CE8CD21736A59D00B72609 /* front.JPG in Resources */ = {isa = PBXBuildFile; fileRef = D6CE8CD01736A59D00B72609 /* front.JPG */; };
		D6CE8CD41736A64B00B72609 /* test.png in Resources */ = {isa = PBXBuildFile; fileRef = D6CE8CD31736A64B00B72609 /* test.png */; };
		D6CE8CD61736A73000B72609 /* bc.jpg in Resources */ = {isa = PBXBuildFile; fileRef = D6CE8CD51736A73000B72609 /* bc.jpg */; };
		D6CE8CD81736AB3F00B72609 /* chinese.png in Resources */ = {isa = PBXBuildFile; fileRef = D6CE8CD71736AB3F00B72609 /* chinese.png */; };
		D6CE8CDA1736AC0E00B72609 /* course.jpg in Resources */ = {isa = PBXBuildFile; fileRef = D6CE8CD91736AC0E00B72609 /* course.jpg */; };
		D6CE8CDE1736B6D100B72609 /* bcsample.jpg in Resources */ = {isa = PBXBuildFile; fileRef = D6CE8CDD1736B6D100B72609 /* bcsample.jpg */; };
		D6CE8CE01736BA4200B72609 /* sign.png in Resources */ = {isa = PBXBuildFile; fileRef = D6CE8CDF1736BA4200B72609 /* sign.png */; };
		D6CE8CE21736BCC200B72609 /* pdfscreen.png in Resources */ = {isa = PBXBuildFile; fileRef = D6CE8CE11736BCC200B72609 /* pdfscreen.png */; };
		D6CE8CE61737519B00B72609 /* paper1.png in Resources */ = {isa = PBXBuildFile; fileRef = D6CE8CE51737519B00B72609 /* paper1.png */; };
/* End PBXBuildFile section */

/* Begin PBXFileReference section */
		17E5A60B146017E9004B1CA6 /* EZOCR.app */ = {isa = PBXFileReference; explicitFileType = wrapper.application; includeInIndex = 0; path = EZOCR.app; sourceTree = BUILT_PRODUCTS_DIR; };
		17E5A60F146017E9004B1CA6 /* UIKit.framework */ = {isa = PBXFileReference; lastKnownFileType = wrapper.framework; name = UIKit.framework; path = System/Library/Frameworks/UIKit.framework; sourceTree = SDKROOT; };
		17E5A611146017E9004B1CA6 /* Foundation.framework */ = {isa = PBXFileReference; lastKnownFileType = wrapper.framework; name = Foundation.framework; path = System/Library/Frameworks/Foundation.framework; sourceTree = SDKROOT; };
		17E5A613146017E9004B1CA6 /* CoreGraphics.framework */ = {isa = PBXFileReference; lastKnownFileType = wrapper.framework; name = CoreGraphics.framework; path = System/Library/Frameworks/CoreGraphics.framework; sourceTree = SDKROOT; };
		17E5A617146017E9004B1CA6 /* EZOCR-Info.plist */ = {isa = PBXFileReference; lastKnownFileType = text.plist.xml; path = "EZOCR-Info.plist"; sourceTree = "<group>"; };
		17E5A619146017E9004B1CA6 /* en */ = {isa = PBXFileReference; lastKnownFileType = text.plist.strings; name = en; path = en.lproj/InfoPlist.strings; sourceTree = "<group>"; };
		17E5A61B146017E9004B1CA6 /* main.m */ = {isa = PBXFileReference; lastKnownFileType = sourcecode.c.objc; path = main.m; sourceTree = "<group>"; };
		17E5A61D146017E9004B1CA6 /* EZOCR-Prefix.pch */ = {isa = PBXFileReference; lastKnownFileType = sourcecode.c.h; path = "EZOCR-Prefix.pch"; sourceTree = "<group>"; };
		17E5A61E146017E9004B1CA6 /* AppDelegate.h */ = {isa = PBXFileReference; lastKnownFileType = sourcecode.c.h; path = AppDelegate.h; sourceTree = "<group>"; };
		17E5A61F146017E9004B1CA6 /* AppDelegate.mm */ = {isa = PBXFileReference; lastKnownFileType = sourcecode.cpp.objcpp; path = AppDelegate.mm; sourceTree = "<group>"; };
		17E5A621146017E9004B1CA6 /* ViewController.h */ = {isa = PBXFileReference; lastKnownFileType = sourcecode.c.h; path = ViewController.h; sourceTree = "<group>"; };
		17E5A622146017E9004B1CA6 /* ViewController.mm */ = {isa = PBXFileReference; lastKnownFileType = sourcecode.cpp.objcpp; path = ViewController.mm; sourceTree = "<group>"; };
		17E5A625146017E9004B1CA6 /* en */ = {isa = PBXFileReference; lastKnownFileType = file.xib; name = en; path = en.lproj/ViewController.xib; sourceTree = "<group>"; };
		17E5A62D14601860004B1CA6 /* MBProgressHUD.h */ = {isa = PBXFileReference; fileEncoding = 4; lastKnownFileType = sourcecode.c.h; path = MBProgressHUD.h; sourceTree = "<group>"; };
		17E5A62E14601860004B1CA6 /* MBProgressHUD.m */ = {isa = PBXFileReference; fileEncoding = 4; lastKnownFileType = sourcecode.c.objc; path = MBProgressHUD.m; sourceTree = "<group>"; };
		17E5A63314601A1C004B1CA6 /* allheaders.h */ = {isa = PBXFileReference; fileEncoding = 4; lastKnownFileType = sourcecode.c.h; path = allheaders.h; sourceTree = "<group>"; };
		17E5A63414601A1C004B1CA6 /* alltypes.h */ = {isa = PBXFileReference; fileEncoding = 4; lastKnownFileType = sourcecode.c.h; path = alltypes.h; sourceTree = "<group>"; };
		17E5A63514601A1C004B1CA6 /* array.h */ = {isa = PBXFileReference; fileEncoding = 4; lastKnownFileType = sourcecode.c.h; path = array.h; sourceTree = "<group>"; };
		17E5A63614601A1C004B1CA6 /* arrayaccess.h */ = {isa = PBXFileReference; fileEncoding = 4; lastKnownFileType = sourcecode.c.h; path = arrayaccess.h; sourceTree = "<group>"; };
		17E5A63714601A1C004B1CA6 /* bbuffer.h */ = {isa = PBXFileReference; fileEncoding = 4; lastKnownFileType = sourcecode.c.h; path = bbuffer.h; sourceTree = "<group>"; };
		17E5A63814601A1C004B1CA6 /* bmf.h */ = {isa = PBXFileReference; fileEncoding = 4; lastKnownFileType = sourcecode.c.h; path = bmf.h; sourceTree = "<group>"; };
		17E5A63914601A1C004B1CA6 /* bmp.h */ = {isa = PBXFileReference; fileEncoding = 4; lastKnownFileType = sourcecode.c.h; path = bmp.h; sourceTree = "<group>"; };
		17E5A63A14601A1C004B1CA6 /* ccbord.h */ = {isa = PBXFileReference; fileEncoding = 4; lastKnownFileType = sourcecode.c.h; path = ccbord.h; sourceTree = "<group>"; };
		17E5A63B14601A1C004B1CA6 /* dewarp.h */ = {isa = PBXFileReference; fileEncoding = 4; lastKnownFileType = sourcecode.c.h; path = dewarp.h; sourceTree = "<group>"; };
		17E5A63C14601A1C004B1CA6 /* endianness.h */ = {isa = PBXFileReference; fileEncoding = 4; lastKnownFileType = sourcecode.c.h; path = endianness.h; sourceTree = "<group>"; };
		17E5A63D14601A1C004B1CA6 /* environ.h */ = {isa = PBXFileReference; fileEncoding = 4; lastKnownFileType = sourcecode.c.h; path = environ.h; sourceTree = "<group>"; };
		17E5A63E14601A1C004B1CA6 /* freetype.h */ = {isa = PBXFileReference; fileEncoding = 4; lastKnownFileType = sourcecode.c.h; path = freetype.h; sourceTree = "<group>"; };
		17E5A63F14601A1C004B1CA6 /* gplot.h */ = {isa = PBXFileReference; fileEncoding = 4; lastKnownFileType = sourcecode.c.h; path = gplot.h; sourceTree = "<group>"; };
		17E5A64014601A1C004B1CA6 /* heap.h */ = {isa = PBXFileReference; fileEncoding = 4; lastKnownFileType = sourcecode.c.h; path = heap.h; sourceTree = "<group>"; };
		17E5A64114601A1C004B1CA6 /* imageio.h */ = {isa = PBXFileReference; fileEncoding = 4; lastKnownFileType = sourcecode.c.h; path = imageio.h; sourceTree = "<group>"; };
		17E5A64214601A1C004B1CA6 /* jbclass.h */ = {isa = PBXFileReference; fileEncoding = 4; lastKnownFileType = sourcecode.c.h; path = jbclass.h; sourceTree = "<group>"; };
		17E5A64314601A1C004B1CA6 /* leptprotos.h */ = {isa = PBXFileReference; fileEncoding = 4; lastKnownFileType = sourcecode.c.h; path = leptprotos.h; sourceTree = "<group>"; };
		17E5A64414601A1C004B1CA6 /* leptwin.h */ = {isa = PBXFileReference; fileEncoding = 4; lastKnownFileType = sourcecode.c.h; path = leptwin.h; sourceTree = "<group>"; };
		17E5A64514601A1C004B1CA6 /* list.h */ = {isa = PBXFileReference; fileEncoding = 4; lastKnownFileType = sourcecode.c.h; path = list.h; sourceTree = "<group>"; };
		17E5A64614601A1C004B1CA6 /* morph.h */ = {isa = PBXFileReference; fileEncoding = 4; lastKnownFileType = sourcecode.c.h; path = morph.h; sourceTree = "<group>"; };
		17E5A64714601A1C004B1CA6 /* pix.h */ = {isa = PBXFileReference; fileEncoding = 4; lastKnownFileType = sourcecode.c.h; path = pix.h; sourceTree = "<group>"; };
		17E5A64814601A1C004B1CA6 /* ptra.h */ = {isa = PBXFileReference; fileEncoding = 4; lastKnownFileType = sourcecode.c.h; path = ptra.h; sourceTree = "<group>"; };
		17E5A64914601A1C004B1CA6 /* queue.h */ = {isa = PBXFileReference; fileEncoding = 4; lastKnownFileType = sourcecode.c.h; path = queue.h; sourceTree = "<group>"; };
		17E5A64A14601A1C004B1CA6 /* readbarcode.h */ = {isa = PBXFileReference; fileEncoding = 4; lastKnownFileType = sourcecode.c.h; path = readbarcode.h; sourceTree = "<group>"; };
		17E5A64B14601A1C004B1CA6 /* regutils.h */ = {isa = PBXFileReference; fileEncoding = 4; lastKnownFileType = sourcecode.c.h; path = regutils.h; sourceTree = "<group>"; };
		17E5A64C14601A1C004B1CA6 /* stack.h */ = {isa = PBXFileReference; fileEncoding = 4; lastKnownFileType = sourcecode.c.h; path = stack.h; sourceTree = "<group>"; };
		17E5A64D14601A1C004B1CA6 /* sudoku.h */ = {isa = PBXFileReference; fileEncoding = 4; lastKnownFileType = sourcecode.c.h; path = sudoku.h; sourceTree = "<group>"; };
		17E5A64E14601A1C004B1CA6 /* watershed.h */ = {isa = PBXFileReference; fileEncoding = 4; lastKnownFileType = sourcecode.c.h; path = watershed.h; sourceTree = "<group>"; };
		17E5A65714601A1C004B1CA6 /* liblept.a */ = {isa = PBXFileReference; lastKnownFileType = archive.ar; path = liblept.a; sourceTree = "<group>"; };
		17E5A65914601A1C004B1CA6 /* libtesseract_all.a */ = {isa = PBXFileReference; lastKnownFileType = archive.ar; path = libtesseract_all.a; sourceTree = "<group>"; };
		17E5A67C14601B8E004B1CA6 /* apitypes.h */ = {isa = PBXFileReference; fileEncoding = 4; lastKnownFileType = sourcecode.c.h; path = apitypes.h; sourceTree = "<group>"; };
		17E5A67D14601B8E004B1CA6 /* baseapi.h */ = {isa = PBXFileReference; fileEncoding = 4; lastKnownFileType = sourcecode.c.h; path = baseapi.h; sourceTree = "<group>"; };
		17E5A67E14601B8E004B1CA6 /* errcode.h */ = {isa = PBXFileReference; fileEncoding = 4; lastKnownFileType = sourcecode.c.h; path = errcode.h; sourceTree = "<group>"; };
		17E5A67F14601B8E004B1CA6 /* genericvector.h */ = {isa = PBXFileReference; fileEncoding = 4; lastKnownFileType = sourcecode.c.h; path = genericvector.h; sourceTree = "<group>"; };
		17E5A68014601B8E004B1CA6 /* helpers.h */ = {isa = PBXFileReference; fileEncoding = 4; lastKnownFileType = sourcecode.c.h; path = helpers.h; sourceTree = "<group>"; };
		17E5A68114601B8E004B1CA6 /* ndminx.h */ = {isa = PBXFileReference; fileEncoding = 4; lastKnownFileType = sourcecode.c.h; path = ndminx.h; sourceTree = "<group>"; };
		17E5A68214601B8E004B1CA6 /* ocrclass.h */ = {isa = PBXFileReference; fileEncoding = 4; lastKnownFileType = sourcecode.c.h; path = ocrclass.h; sourceTree = "<group>"; };
		17E5A68314601B8E004B1CA6 /* publictypes.h */ = {isa = PBXFileReference; fileEncoding = 4; lastKnownFileType = sourcecode.c.h; path = publictypes.h; sourceTree = "<group>"; };
		17E5A68414601B8E004B1CA6 /* tesscallback.h */ = {isa = PBXFileReference; fileEncoding = 4; lastKnownFileType = sourcecode.c.h; path = tesscallback.h; sourceTree = "<group>"; };
		17E5A68514601B8E004B1CA6 /* thresholder.h */ = {isa = PBXFileReference; fileEncoding = 4; lastKnownFileType = sourcecode.c.h; path = thresholder.h; sourceTree = "<group>"; };
		17E5A68614601B8E004B1CA6 /* unichar.h */ = {isa = PBXFileReference; fileEncoding = 4; lastKnownFileType = sourcecode.c.h; path = unichar.h; sourceTree = "<group>"; };
		17E5A68714601BAF004B1CA6 /* host.h */ = {isa = PBXFileReference; fileEncoding = 4; lastKnownFileType = sourcecode.c.h; path = host.h; sourceTree = "<group>"; };
		17E5A68814601BC7004B1CA6 /* platform.h */ = {isa = PBXFileReference; fileEncoding = 4; lastKnownFileType = sourcecode.c.h; path = platform.h; sourceTree = "<group>"; };
		17E5A68E14601E0F004B1CA6 /* Lorem_Ipsum_Univers.png */ = {isa = PBXFileReference; lastKnownFileType = image.png; path = Lorem_Ipsum_Univers.png; sourceTree = "<group>"; };
		17E5A68F14601E0F004B1CA6 /* tessdata */ = {isa = PBXFileReference; lastKnownFileType = folder; path = tessdata; sourceTree = "<group>"; };
		D69C79FA1739929B00633B81 /* UIViewController+KNSemiModal.h */ = {isa = PBXFileReference; fileEncoding = 4; lastKnownFileType = sourcecode.c.h; path = "UIViewController+KNSemiModal.h"; sourceTree = "<group>"; };
		D69C79FB1739929B00633B81 /* UIViewController+KNSemiModal.m */ = {isa = PBXFileReference; fileEncoding = 4; lastKnownFileType = sourcecode.c.objc; path = "UIViewController+KNSemiModal.m"; sourceTree = "<group>"; };
		D69C79FE173992B900633B81 /* KNFirstViewController.h */ = {isa = PBXFileReference; fileEncoding = 4; lastKnownFileType = sourcecode.c.h; path = KNFirstViewController.h; sourceTree = "<group>"; };
		D69C79FF173992B900633B81 /* KNFirstViewController.m */ = {isa = PBXFileReference; fileEncoding = 4; lastKnownFileType = sourcecode.c.objc; path = KNFirstViewController.m; sourceTree = "<group>"; };
		D69C7A00173992B900633B81 /* KNFirstViewController.xib */ = {isa = PBXFileReference; fileEncoding = 4; lastKnownFileType = file.xib; path = KNFirstViewController.xib; sourceTree = "<group>"; };
		D69C7A03173992C500633B81 /* KNSecondViewController.h */ = {isa = PBXFileReference; fileEncoding = 4; lastKnownFileType = sourcecode.c.h; path = KNSecondViewController.h; sourceTree = "<group>"; };
		D69C7A04173992C500633B81 /* KNSecondViewController.mm */ = {isa = PBXFileReference; fileEncoding = 4; lastKnownFileType = sourcecode.cpp.objcpp; path = KNSecondViewController.mm; sourceTree = "<group>"; };
		D69C7A05173992C500633B81 /* KNSecondViewController.xib */ = {isa = PBXFileReference; fileEncoding = 4; lastKnownFileType = file.xib; path = KNSecondViewController.xib; sourceTree = "<group>"; };
		D69C7A06173992C500633B81 /* KNThirdViewController.h */ = {isa = PBXFileReference; fileEncoding = 4; lastKnownFileType = sourcecode.c.h; path = KNThirdViewController.h; sourceTree = "<group>"; };
		D69C7A07173992C500633B81 /* KNThirdViewController.m */ = {isa = PBXFileReference; fileEncoding = 4; lastKnownFileType = sourcecode.c.objc; path = KNThirdViewController.m; sourceTree = "<group>"; };
		D69C7A08173992C500633B81 /* KNThirdViewController.xib */ = {isa = PBXFileReference; fileEncoding = 4; lastKnownFileType = file.xib; path = KNThirdViewController.xib; sourceTree = "<group>"; };
		D69C7A0D173992D200633B81 /* KNTableDemoController.h */ = {isa = PBXFileReference; fileEncoding = 4; lastKnownFileType = sourcecode.c.h; path = KNTableDemoController.h; sourceTree = "<group>"; };
		D69C7A0E173992D200633B81 /* KNTableDemoController.m */ = {isa = PBXFileReference; fileEncoding = 4; lastKnownFileType = sourcecode.c.objc; path = KNTableDemoController.m; sourceTree = "<group>"; };
		D69C7A0F173992D200633B81 /* KNModalTableViewController.h */ = {isa = PBXFileReference; fileEncoding = 4; lastKnownFileType = sourcecode.c.h; path = KNModalTableViewController.h; sourceTree = "<group>"; };
		D69C7A10173992D200633B81 /* KNModalTableViewController.m */ = {isa = PBXFileReference; fileEncoding = 4; lastKnownFileType = sourcecode.c.objc; path = KNModalTableViewController.m; sourceTree = "<group>"; };
		D69C7A131739939B00633B81 /* QuartzCore.framework */ = {isa = PBXFileReference; lastKnownFileType = wrapper.framework; name = QuartzCore.framework; path = System/Library/Frameworks/QuartzCore.framework; sourceTree = SDKROOT; };
		D69C7A15173993FE00633B81 /* first.png */ = {isa = PBXFileReference; lastKnownFileType = image.png; path = first.png; sourceTree = "<group>"; };
		D69C7A16173993FE00633B81 /* first@2x.png */ = {isa = PBXFileReference; lastKnownFileType = image.png; path = "first@2x.png"; sourceTree = "<group>"; };
		D69C7A17173993FE00633B81 /* Icon.png */ = {isa = PBXFileReference; lastKnownFileType = image.png; path = Icon.png; sourceTree = "<group>"; };
		D69C7A18173993FE00633B81 /* Icon@2x.png */ = {isa = PBXFileReference; lastKnownFileType = image.png; path = "Icon@2x.png"; sourceTree = "<group>"; };
		D69C7A19173993FE00633B81 /* second.png */ = {isa = PBXFileReference; lastKnownFileType = image.png; path = second.png; sourceTree = "<group>"; };
		D69C7A1A173993FE00633B81 /* second@2x.png */ = {isa = PBXFileReference; lastKnownFileType = image.png; path = "second@2x.png"; sourceTree = "<group>"; };
		D69C7A1B173993FE00633B81 /* temp.jpg */ = {isa = PBXFileReference; lastKnownFileType = image.jpeg; path = temp.jpg; sourceTree = "<group>"; };
		D69C7A23173994BD00633B81 /* DirectoryWatcher.h */ = {isa = PBXFileReference; fileEncoding = 4; lastKnownFileType = sourcecode.c.h; path = DirectoryWatcher.h; sourceTree = "<group>"; };
		D69C7A24173994BD00633B81 /* DirectoryWatcher.m */ = {isa = PBXFileReference; fileEncoding = 4; lastKnownFileType = sourcecode.c.objc; path = DirectoryWatcher.m; sourceTree = "<group>"; };
		D69C7A25173994BD00633B81 /* DITableViewController.h */ = {isa = PBXFileReference; fileEncoding = 4; lastKnownFileType = sourcecode.c.h; path = DITableViewController.h; sourceTree = "<group>"; };
		D69C7A26173994BE00633B81 /* DITableViewController.m */ = {isa = PBXFileReference; fileEncoding = 4; lastKnownFileType = sourcecode.c.objc; path = DITableViewController.m; sourceTree = "<group>"; };
		D69C7A27173994BE00633B81 /* DITableViewController.xib */ = {isa = PBXFileReference; fileEncoding = 4; lastKnownFileType = file.xib; path = DITableViewController.xib; sourceTree = "<group>"; };
		D69C7A2B1739968C00633B81 /* QuickLook.framework */ = {isa = PBXFileReference; lastKnownFileType = wrapper.framework; name = QuickLook.framework; path = System/Library/Frameworks/QuickLook.framework; sourceTree = SDKROOT; };
		D69C7A2D1739A29200633B81 /* OverlayViewController.h */ = {isa = PBXFileReference; fileEncoding = 4; lastKnownFileType = sourcecode.c.h; path = OverlayViewController.h; sourceTree = "<group>"; };
		D69C7A2E1739A29200633B81 /* OverlayViewController.m */ = {isa = PBXFileReference; fileEncoding = 4; lastKnownFileType = sourcecode.c.objc; path = OverlayViewController.m; sourceTree = "<group>"; };
		D69C7A301739A3D900633B81 /* AudioToolbox.framework */ = {isa = PBXFileReference; lastKnownFileType = wrapper.framework; name = AudioToolbox.framework; path = System/Library/Frameworks/AudioToolbox.framework; sourceTree = SDKROOT; };
		D69C7A321739C4F600633B81 /* tick.aiff */ = {isa = PBXFileReference; lastKnownFileType = audio.aiff; path = tick.aiff; sourceTree = "<group>"; };
		D69C7A341739C50B00633B81 /* OverlayViewController.xib */ = {isa = PBXFileReference; fileEncoding = 4; lastKnownFileType = file.xib; path = OverlayViewController.xib; sourceTree = "<group>"; };
		D69C7A361739DCE600633B81 /* ImageCropView.h */ = {isa = PBXFileReference; fileEncoding = 4; lastKnownFileType = sourcecode.c.h; path = ImageCropView.h; sourceTree = "<group>"; };
		D69C7A371739DCE600633B81 /* ImageCropView.m */ = {isa = PBXFileReference; fileEncoding = 4; lastKnownFileType = sourcecode.c.objc; path = ImageCropView.m; sourceTree = "<group>"; };
		D69C7A55173B306800633B81 /* MessageUI.framework */ = {isa = PBXFileReference; lastKnownFileType = wrapper.framework; name = MessageUI.framework; path = System/Library/Frameworks/MessageUI.framework; sourceTree = SDKROOT; };
		D69C7A57173B3E8700633B81 /* TextViewController.h */ = {isa = PBXFileReference; fileEncoding = 4; lastKnownFileType = sourcecode.c.h; path = TextViewController.h; sourceTree = "<group>"; };
		D69C7A58173B3E8800633B81 /* TextViewController.m */ = {isa = PBXFileReference; fileEncoding = 4; lastKnownFileType = sourcecode.c.objc; path = TextViewController.m; sourceTree = "<group>"; };
		D69C7A5A173B3F0F00633B81 /* TextViewController.xib */ = {isa = PBXFileReference; fileEncoding = 4; lastKnownFileType = file.xib; path = TextViewController.xib; sourceTree = "<group>"; };
		D6CE8CCF1736A59D00B72609 /* back.JPG */ = {isa = PBXFileReference; lastKnownFileType = image.jpeg; path = back.JPG; sourceTree = "<group>"; };
		D6CE8CD01736A59D00B72609 /* front.JPG */ = {isa = PBXFileReference; lastKnownFileType = image.jpeg; path = front.JPG; sourceTree = "<group>"; };
		D6CE8CD31736A64B00B72609 /* test.png */ = {isa = PBXFileReference; lastKnownFileType = image.png; path = test.png; sourceTree = "<group>"; };
		D6CE8CD51736A73000B72609 /* bc.jpg */ = {isa = PBXFileReference; lastKnownFileType = image.jpeg; path = bc.jpg; sourceTree = "<group>"; };
		D6CE8CD71736AB3F00B72609 /* chinese.png */ = {isa = PBXFileReference; lastKnownFileType = image.png; path = chinese.png; sourceTree = "<group>"; };
		D6CE8CD91736AC0E00B72609 /* course.jpg */ = {isa = PBXFileReference; lastKnownFileType = image.jpeg; path = course.jpg; sourceTree = "<group>"; };
		D6CE8CDD1736B6D100B72609 /* bcsample.jpg */ = {isa = PBXFileReference; lastKnownFileType = image.jpeg; path = bcsample.jpg; sourceTree = "<group>"; };
		D6CE8CDF1736BA4200B72609 /* sign.png */ = {isa = PBXFileReference; lastKnownFileType = image.png; path = sign.png; sourceTree = "<group>"; };
		D6CE8CE11736BCC200B72609 /* pdfscreen.png */ = {isa = PBXFileReference; lastKnownFileType = image.png; path = pdfscreen.png; sourceTree = "<group>"; };
		D6CE8CE51737519B00B72609 /* paper1.png */ = {isa = PBXFileReference; lastKnownFileType = image.png; path = paper1.png; sourceTree = "<group>"; };
/* End PBXFileReference section */

/* Begin PBXFrameworksBuildPhase section */
		17E5A608146017E9004B1CA6 /* Frameworks */ = {
			isa = PBXFrameworksBuildPhase;
			buildActionMask = 2147483647;
			files = (
				D69C7A56173B306800633B81 /* MessageUI.framework in Frameworks */,
				D69C7A311739A3D900633B81 /* AudioToolbox.framework in Frameworks */,
				D69C7A2C1739968D00633B81 /* QuickLook.framework in Frameworks */,
				D69C7A141739939B00633B81 /* QuartzCore.framework in Frameworks */,
				17E5A610146017E9004B1CA6 /* UIKit.framework in Frameworks */,
				17E5A612146017E9004B1CA6 /* Foundation.framework in Frameworks */,
				17E5A614146017E9004B1CA6 /* CoreGraphics.framework in Frameworks */,
				17E5A66914601A1C004B1CA6 /* liblept.a in Frameworks */,
				17E5A66B14601A1C004B1CA6 /* libtesseract_all.a in Frameworks */,
			);
			runOnlyForDeploymentPostprocessing = 0;
		};
/* End PBXFrameworksBuildPhase section */

/* Begin PBXGroup section */
		17E5A600146017E9004B1CA6 = {
			isa = PBXGroup;
			children = (
				D69C7A55173B306800633B81 /* MessageUI.framework */,
				17E5A615146017E9004B1CA6 /* TesseractSample */,
				17E5A60E146017E9004B1CA6 /* Frameworks */,
				17E5A60C146017E9004B1CA6 /* Products */,
			);
			sourceTree = "<group>";
		};
		17E5A60C146017E9004B1CA6 /* Products */ = {
			isa = PBXGroup;
			children = (
				17E5A60B146017E9004B1CA6 /* EZOCR.app */,
			);
			name = Products;
			sourceTree = "<group>";
		};
		17E5A60E146017E9004B1CA6 /* Frameworks */ = {
			isa = PBXGroup;
			children = (
				D69C7A301739A3D900633B81 /* AudioToolbox.framework */,
				D69C7A2B1739968C00633B81 /* QuickLook.framework */,
				D69C7A131739939B00633B81 /* QuartzCore.framework */,
				17E5A60F146017E9004B1CA6 /* UIKit.framework */,
				17E5A611146017E9004B1CA6 /* Foundation.framework */,
				17E5A613146017E9004B1CA6 /* CoreGraphics.framework */,
			);
			name = Frameworks;
			sourceTree = "<group>";
		};
		17E5A615146017E9004B1CA6 /* TesseractSample */ = {
			isa = PBXGroup;
			children = (
				D69C7A361739DCE600633B81 /* ImageCropView.h */,
				D69C7A371739DCE600633B81 /* ImageCropView.m */,
				D69C7A23173994BD00633B81 /* DirectoryWatcher.h */,
				D69C7A24173994BD00633B81 /* DirectoryWatcher.m */,
				D69C7A25173994BD00633B81 /* DITableViewController.h */,
				D69C7A26173994BE00633B81 /* DITableViewController.m */,
				D69C7A57173B3E8700633B81 /* TextViewController.h */,
				D69C7A58173B3E8800633B81 /* TextViewController.m */,
				D69C7A5A173B3F0F00633B81 /* TextViewController.xib */,
				D69C7A27173994BE00633B81 /* DITableViewController.xib */,
				D69C7A0D173992D200633B81 /* KNTableDemoController.h */,
				D69C7A0E173992D200633B81 /* KNTableDemoController.m */,
				D69C7A0F173992D200633B81 /* KNModalTableViewController.h */,
				D69C7A10173992D200633B81 /* KNModalTableViewController.m */,
				D69C7A2D1739A29200633B81 /* OverlayViewController.h */,
				D69C7A2E1739A29200633B81 /* OverlayViewController.m */,
				D69C7A341739C50B00633B81 /* OverlayViewController.xib */,
				D69C7A03173992C500633B81 /* KNSecondViewController.h */,
				D69C7A04173992C500633B81 /* KNSecondViewController.mm */,
				D69C7A05173992C500633B81 /* KNSecondViewController.xib */,
				D69C7A06173992C500633B81 /* KNThirdViewController.h */,
				D69C7A07173992C500633B81 /* KNThirdViewController.m */,
				D69C7A08173992C500633B81 /* KNThirdViewController.xib */,
				D69C79FE173992B900633B81 /* KNFirstViewController.h */,
				D69C79FF173992B900633B81 /* KNFirstViewController.m */,
				D69C7A00173992B900633B81 /* KNFirstViewController.xib */,
				D69C79F91739927F00633B81 /* kNSemiModal */,
				17E5A61E146017E9004B1CA6 /* AppDelegate.h */,
				17E5A61F146017E9004B1CA6 /* AppDelegate.mm */,
				17E5A621146017E9004B1CA6 /* ViewController.h */,
				17E5A622146017E9004B1CA6 /* ViewController.mm */,
				17E5A624146017E9004B1CA6 /* ViewController.xib */,
				17E5A63014601A1C004B1CA6 /* dependencies */,
				17E5A62C14601860004B1CA6 /* MBProgressHUD */,
				17E5A68F14601E0F004B1CA6 /* tessdata */,
				17E5A68E14601E0F004B1CA6 /* Lorem_Ipsum_Univers.png */,
				17E5A616146017E9004B1CA6 /* Supporting Files */,
			);
			path = TesseractSample;
			sourceTree = "<group>";
		};
		17E5A616146017E9004B1CA6 /* Supporting Files */ = {
			isa = PBXGroup;
			children = (
				D69C7A321739C4F600633B81 /* tick.aiff */,
				D69C7A15173993FE00633B81 /* first.png */,
				D69C7A16173993FE00633B81 /* first@2x.png */,
				D69C7A17173993FE00633B81 /* Icon.png */,
				D69C7A18173993FE00633B81 /* Icon@2x.png */,
				D69C7A19173993FE00633B81 /* second.png */,
				D69C7A1A173993FE00633B81 /* second@2x.png */,
				D69C7A1B173993FE00633B81 /* temp.jpg */,
				D6CE8CE51737519B00B72609 /* paper1.png */,
				D6CE8CE11736BCC200B72609 /* pdfscreen.png */,
				D6CE8CDF1736BA4200B72609 /* sign.png */,
				D6CE8CDD1736B6D100B72609 /* bcsample.jpg */,
				D6CE8CD91736AC0E00B72609 /* course.jpg */,
				D6CE8CD71736AB3F00B72609 /* chinese.png */,
				D6CE8CD51736A73000B72609 /* bc.jpg */,
				D6CE8CD31736A64B00B72609 /* test.png */,
				D6CE8CCF1736A59D00B72609 /* back.JPG */,
				D6CE8CD01736A59D00B72609 /* front.JPG */,
				17E5A617146017E9004B1CA6 /* EZOCR-Info.plist */,
				17E5A618146017E9004B1CA6 /* InfoPlist.strings */,
				17E5A61B146017E9004B1CA6 /* main.m */,
				17E5A61D146017E9004B1CA6 /* EZOCR-Prefix.pch */,
			);
			name = "Supporting Files";
			sourceTree = "<group>";
		};
		17E5A62C14601860004B1CA6 /* MBProgressHUD */ = {
			isa = PBXGroup;
			children = (
				17E5A62D14601860004B1CA6 /* MBProgressHUD.h */,
				17E5A62E14601860004B1CA6 /* MBProgressHUD.m */,
			);
			path = MBProgressHUD;
			sourceTree = "<group>";
		};
		17E5A63014601A1C004B1CA6 /* dependencies */ = {
			isa = PBXGroup;
			children = (
				17E5A63114601A1C004B1CA6 /* include */,
				17E5A65614601A1C004B1CA6 /* lib */,
			);
			name = dependencies;
			path = build_dependencies/dependencies;
			sourceTree = "<group>";
		};
		17E5A63114601A1C004B1CA6 /* include */ = {
			isa = PBXGroup;
			children = (
				17E5A63214601A1C004B1CA6 /* leptonica */,
				17E5A64F14601A1C004B1CA6 /* tesseract */,
			);
			path = include;
			sourceTree = "<group>";
		};
		17E5A63214601A1C004B1CA6 /* leptonica */ = {
			isa = PBXGroup;
			children = (
				17E5A63314601A1C004B1CA6 /* allheaders.h */,
				17E5A63414601A1C004B1CA6 /* alltypes.h */,
				17E5A63514601A1C004B1CA6 /* array.h */,
				17E5A63614601A1C004B1CA6 /* arrayaccess.h */,
				17E5A63714601A1C004B1CA6 /* bbuffer.h */,
				17E5A63814601A1C004B1CA6 /* bmf.h */,
				17E5A63914601A1C004B1CA6 /* bmp.h */,
				17E5A63A14601A1C004B1CA6 /* ccbord.h */,
				17E5A63B14601A1C004B1CA6 /* dewarp.h */,
				17E5A63C14601A1C004B1CA6 /* endianness.h */,
				17E5A63D14601A1C004B1CA6 /* environ.h */,
				17E5A63E14601A1C004B1CA6 /* freetype.h */,
				17E5A63F14601A1C004B1CA6 /* gplot.h */,
				17E5A64014601A1C004B1CA6 /* heap.h */,
				17E5A64114601A1C004B1CA6 /* imageio.h */,
				17E5A64214601A1C004B1CA6 /* jbclass.h */,
				17E5A64314601A1C004B1CA6 /* leptprotos.h */,
				17E5A64414601A1C004B1CA6 /* leptwin.h */,
				17E5A64514601A1C004B1CA6 /* list.h */,
				17E5A64614601A1C004B1CA6 /* morph.h */,
				17E5A64714601A1C004B1CA6 /* pix.h */,
				17E5A64814601A1C004B1CA6 /* ptra.h */,
				17E5A64914601A1C004B1CA6 /* queue.h */,
				17E5A64A14601A1C004B1CA6 /* readbarcode.h */,
				17E5A64B14601A1C004B1CA6 /* regutils.h */,
				17E5A64C14601A1C004B1CA6 /* stack.h */,
				17E5A64D14601A1C004B1CA6 /* sudoku.h */,
				17E5A64E14601A1C004B1CA6 /* watershed.h */,
			);
			path = leptonica;
			sourceTree = "<group>";
		};
		17E5A64F14601A1C004B1CA6 /* tesseract */ = {
			isa = PBXGroup;
			children = (
				17E5A67C14601B8E004B1CA6 /* apitypes.h */,
				17E5A67D14601B8E004B1CA6 /* baseapi.h */,
				17E5A67E14601B8E004B1CA6 /* errcode.h */,
				17E5A67F14601B8E004B1CA6 /* genericvector.h */,
				17E5A68014601B8E004B1CA6 /* helpers.h */,
				17E5A68714601BAF004B1CA6 /* host.h */,
				17E5A68114601B8E004B1CA6 /* ndminx.h */,
				17E5A68214601B8E004B1CA6 /* ocrclass.h */,
				17E5A68814601BC7004B1CA6 /* platform.h */,
				17E5A68314601B8E004B1CA6 /* publictypes.h */,
				17E5A68414601B8E004B1CA6 /* tesscallback.h */,
				17E5A68514601B8E004B1CA6 /* thresholder.h */,
				17E5A68614601B8E004B1CA6 /* unichar.h */,
			);
			path = tesseract;
			sourceTree = "<group>";
		};
		17E5A65614601A1C004B1CA6 /* lib */ = {
			isa = PBXGroup;
			children = (
				17E5A65714601A1C004B1CA6 /* liblept.a */,
				17E5A65914601A1C004B1CA6 /* libtesseract_all.a */,
			);
			path = lib;
			sourceTree = "<group>";
		};
		D69C79F91739927F00633B81 /* kNSemiModal */ = {
			isa = PBXGroup;
			children = (
				D69C79FA1739929B00633B81 /* UIViewController+KNSemiModal.h */,
				D69C79FB1739929B00633B81 /* UIViewController+KNSemiModal.m */,
			);
			name = kNSemiModal;
			sourceTree = "<group>";
		};
/* End PBXGroup section */

/* Begin PBXNativeTarget section */
		17E5A60A146017E9004B1CA6 /* EZOCR */ = {
			isa = PBXNativeTarget;
			buildConfigurationList = 17E5A629146017EA004B1CA6 /* Build configuration list for PBXNativeTarget "EZOCR" */;
			buildPhases = (
				17E5A607146017E9004B1CA6 /* Sources */,
				17E5A608146017E9004B1CA6 /* Frameworks */,
				17E5A609146017E9004B1CA6 /* Resources */,
			);
			buildRules = (
			);
			dependencies = (
			);
			name = EZOCR;
			productName = TesseractSample;
			productReference = 17E5A60B146017E9004B1CA6 /* EZOCR.app */;
			productType = "com.apple.product-type.application";
		};
/* End PBXNativeTarget section */

/* Begin PBXProject section */
		17E5A602146017E9004B1CA6 /* Project object */ = {
			isa = PBXProject;
			attributes = {
				LastUpgradeCheck = 0420;
			};
			buildConfigurationList = 17E5A605146017E9004B1CA6 /* Build configuration list for PBXProject "EZOCR" */;
			compatibilityVersion = "Xcode 3.2";
			developmentRegion = English;
			hasScannedForEncodings = 0;
			knownRegions = (
				en,
			);
			mainGroup = 17E5A600146017E9004B1CA6;
			productRefGroup = 17E5A60C146017E9004B1CA6 /* Products */;
			projectDirPath = "";
			projectRoot = "";
			targets = (
				17E5A60A146017E9004B1CA6 /* EZOCR */,
			);
		};
/* End PBXProject section */

/* Begin PBXResourcesBuildPhase section */
		17E5A609146017E9004B1CA6 /* Resources */ = {
			isa = PBXResourcesBuildPhase;
			buildActionMask = 2147483647;
			files = (
				17E5A61A146017E9004B1CA6 /* InfoPlist.strings in Resources */,
				17E5A626146017E9004B1CA6 /* ViewController.xib in Resources */,
				17E5A69014601E0F004B1CA6 /* Lorem_Ipsum_Univers.png in Resources */,
				17E5A69114601E0F004B1CA6 /* tessdata in Resources */,
				D6CE8CD11736A59D00B72609 /* back.JPG in Resources */,
				D6CE8CD21736A59D00B72609 /* front.JPG in Resources */,
				D6CE8CD41736A64B00B72609 /* test.png in Resources */,
				D6CE8CD61736A73000B72609 /* bc.jpg in Resources */,
				D6CE8CD81736AB3F00B72609 /* chinese.png in Resources */,
				D6CE8CDA1736AC0E00B72609 /* course.jpg in Resources */,
				D6CE8CDE1736B6D100B72609 /* bcsample.jpg in Resources */,
				D6CE8CE01736BA4200B72609 /* sign.png in Resources */,
				D6CE8CE21736BCC200B72609 /* pdfscreen.png in Resources */,
				D6CE8CE61737519B00B72609 /* paper1.png in Resources */,
				D69C7A02173992B900633B81 /* KNFirstViewController.xib in Resources */,
				D69C7A0A173992C500633B81 /* KNSecondViewController.xib in Resources */,
				D69C7A0C173992C500633B81 /* KNThirdViewController.xib in Resources */,
				D69C7A1C173993FE00633B81 /* first.png in Resources */,
				D69C7A1D173993FE00633B81 /* first@2x.png in Resources */,
				D69C7A1E173993FE00633B81 /* Icon.png in Resources */,
				D69C7A1F173993FE00633B81 /* Icon@2x.png in Resources */,
				D69C7A20173993FE00633B81 /* second.png in Resources */,
				D69C7A21173993FE00633B81 /* second@2x.png in Resources */,
				D69C7A22173993FE00633B81 /* temp.jpg in Resources */,
				D69C7A2A173994BE00633B81 /* DITableViewController.xib in Resources */,
				D69C7A331739C4F600633B81 /* tick.aiff in Resources */,
				D69C7A351739C50B00633B81 /* OverlayViewController.xib in Resources */,
				D69C7A5B173B3F0F00633B81 /* TextViewController.xib in Resources */,
			);
			runOnlyForDeploymentPostprocessing = 0;
		};
/* End PBXResourcesBuildPhase section */

/* Begin PBXSourcesBuildPhase section */
		17E5A607146017E9004B1CA6 /* Sources */ = {
			isa = PBXSourcesBuildPhase;
			buildActionMask = 2147483647;
			files = (
				17E5A61C146017E9004B1CA6 /* main.m in Sources */,
				17E5A620146017E9004B1CA6 /* AppDelegate.mm in Sources */,
				17E5A623146017E9004B1CA6 /* ViewController.mm in Sources */,
				17E5A62F14601860004B1CA6 /* MBProgressHUD.m in Sources */,
				D69C79FC1739929B00633B81 /* UIViewController+KNSemiModal.m in Sources */,
				D69C7A01173992B900633B81 /* KNFirstViewController.m in Sources */,
				D69C7A09173992C500633B81 /* KNSecondViewController.mm in Sources */,
				D69C7A0B173992C500633B81 /* KNThirdViewController.m in Sources */,
				D69C7A11173992D200633B81 /* KNTableDemoController.m in Sources */,
				D69C7A12173992D200633B81 /* KNModalTableViewController.m in Sources */,
				D69C7A28173994BE00633B81 /* DirectoryWatcher.m in Sources */,
				D69C7A29173994BE00633B81 /* DITableViewController.m in Sources */,
				D69C7A2F1739A29200633B81 /* OverlayViewController.m in Sources */,
				D69C7A381739DCE600633B81 /* ImageCropView.m in Sources */,
				D69C7A59173B3E8900633B81 /* TextViewController.m in Sources */,
			);
			runOnlyForDeploymentPostprocessing = 0;
		};
/* End PBXSourcesBuildPhase section */

/* Begin PBXVariantGroup section */
		17E5A618146017E9004B1CA6 /* InfoPlist.strings */ = {
			isa = PBXVariantGroup;
			children = (
				17E5A619146017E9004B1CA6 /* en */,
			);
			name = InfoPlist.strings;
			sourceTree = "<group>";
		};
		17E5A624146017E9004B1CA6 /* ViewController.xib */ = {
			isa = PBXVariantGroup;
			children = (
				17E5A625146017E9004B1CA6 /* en */,
			);
			name = ViewController.xib;
			sourceTree = "<group>";
		};
/* End PBXVariantGroup section */

/* Begin XCBuildConfiguration section */
		17E5A627146017E9004B1CA6 /* Debug */ = {
			isa = XCBuildConfiguration;
			buildSettings = {
				ALWAYS_SEARCH_USER_PATHS = NO;
				ARCHS = "$(ARCHS_STANDARD_32_BIT)";
				CLANG_ENABLE_OBJC_ARC = YES;
				"CODE_SIGN_IDENTITY[sdk=iphoneos*]" = "iPhone Developer";
				COPY_PHASE_STRIP = NO;
				GCC_C_LANGUAGE_STANDARD = gnu99;
				GCC_DYNAMIC_NO_PIC = NO;
				GCC_OPTIMIZATION_LEVEL = 0;
				GCC_PREPROCESSOR_DEFINITIONS = (
					"DEBUG=1",
					"$(inherited)",
				);
				GCC_SYMBOLS_PRIVATE_EXTERN = NO;
				GCC_VERSION = com.apple.compilers.llvm.clang.1_0;
				GCC_WARN_ABOUT_MISSING_PROTOTYPES = YES;
				GCC_WARN_ABOUT_RETURN_TYPE = YES;
				GCC_WARN_UNUSED_VARIABLE = YES;
				IPHONEOS_DEPLOYMENT_TARGET = 5.0;
				SDKROOT = iphoneos;
			};
			name = Debug;
		};
		17E5A628146017E9004B1CA6 /* Release */ = {
			isa = XCBuildConfiguration;
			buildSettings = {
				ALWAYS_SEARCH_USER_PATHS = NO;
				ARCHS = "$(ARCHS_STANDARD_32_BIT)";
				CLANG_ENABLE_OBJC_ARC = YES;
				"CODE_SIGN_IDENTITY[sdk=iphoneos*]" = "iPhone Developer";
				COPY_PHASE_STRIP = YES;
				GCC_C_LANGUAGE_STANDARD = gnu99;
				GCC_VERSION = com.apple.compilers.llvm.clang.1_0;
				GCC_WARN_ABOUT_MISSING_PROTOTYPES = YES;
				GCC_WARN_ABOUT_RETURN_TYPE = YES;
				GCC_WARN_UNUSED_VARIABLE = YES;
				IPHONEOS_DEPLOYMENT_TARGET = 5.0;
				OTHER_CFLAGS = "-DNS_BLOCK_ASSERTIONS=1";
				SDKROOT = iphoneos;
				VALIDATE_PRODUCT = YES;
			};
			name = Release;
		};
		17E5A62A146017EA004B1CA6 /* Debug */ = {
			isa = XCBuildConfiguration;
			buildSettings = {
				CLANG_ENABLE_OBJC_ARC = YES;
				CODE_SIGN_IDENTITY = "iPhone Developer: Liangjun Jiang (NLHVYBKJKH)";
				GCC_PRECOMPILE_PREFIX_HEADER = YES;
				GCC_PREFIX_HEADER = "TesseractSample/EZOCR-Prefix.pch";
				INFOPLIST_FILE = "TesseractSample/EZOCR-Info.plist";
				IPHONEOS_DEPLOYMENT_TARGET = 5.0;
				LIBRARY_SEARCH_PATHS = (
					"$(inherited)",
					"\"$(SRCROOT)/TesseractSample/build_dependencies/dependencies/lib\"",
				);
				ONLY_ACTIVE_ARCH = YES;
				PRODUCT_NAME = EZOCR;
				PROVISIONING_PROFILE = "FFFFD1B6-53BF-47D1-93B7-14B8A5852B3C";
				TARGETED_DEVICE_FAMILY = 1;
				WRAPPER_EXTENSION = app;
			};
			name = Debug;
		};
		17E5A62B146017EA004B1CA6 /* Release */ = {
			isa = XCBuildConfiguration;
			buildSettings = {
				CLANG_ENABLE_OBJC_ARC = YES;
				CODE_SIGN_IDENTITY = "iPhone Developer: Liangjun Jiang (NLHVYBKJKH)";
				GCC_PRECOMPILE_PREFIX_HEADER = YES;
				GCC_PREFIX_HEADER = "TesseractSample/EZOCR-Prefix.pch";
				INFOPLIST_FILE = "TesseractSample/EZOCR-Info.plist";
				IPHONEOS_DEPLOYMENT_TARGET = 5.0;
				LIBRARY_SEARCH_PATHS = (
					"$(inherited)",
					"\"$(SRCROOT)/TesseractSample/build_dependencies/dependencies/lib\"",
				);
				ONLY_ACTIVE_ARCH = YES;
				PRODUCT_NAME = EZOCR;
				PROVISIONING_PROFILE = "FFFFD1B6-53BF-47D1-93B7-14B8A5852B3C";
				TARGETED_DEVICE_FAMILY = 1;
				WRAPPER_EXTENSION = app;
			};
			name = Release;
		};
/* End XCBuildConfiguration section */

/* Begin XCConfigurationList section */
		17E5A605146017E9004B1CA6 /* Build configuration list for PBXProject "EZOCR" */ = {
			isa = XCConfigurationList;
			buildConfigurations = (
				17E5A627146017E9004B1CA6 /* Debug */,
				17E5A628146017E9004B1CA6 /* Release */,
			);
			defaultConfigurationIsVisible = 0;
			defaultConfigurationName = Release;
		};
		17E5A629146017EA004B1CA6 /* Build configuration list for PBXNativeTarget "EZOCR" */ = {
			isa = XCConfigurationList;
			buildConfigurations = (
				17E5A62A146017EA004B1CA6 /* Debug */,
				17E5A62B146017EA004B1CA6 /* Release */,
			);
			defaultConfigurationIsVisible = 0;
			defaultConfigurationName = Release;
		};
/* End XCConfigurationList section */
	};
	rootObject = 17E5A602146017E9004B1CA6 /* Project object */;
}
